
Microsoft Visual Studio Solution File, Format Version 12.00
# Visual Studio Version 16
VisualStudioVersion = 16.0.31112.23
MinimumVisualStudioVersion = 10.0.40219.1
Project("{9A19103F-16F7-4668-BE54-9A1E7A4F7556}") = "PictYours", "PictYours\PictYours.csproj", "{7C73118B-F5CF-44DC-B335-D6E1F0D2A5AF}"
EndProject
Project("{9A19103F-16F7-4668-BE54-9A1E7A4F7556}") = "BiblioClasse", "BiblioClasse\BiblioClasse.csproj", "{B78F95B2-2617-4B7A-9579-F57299EB5762}"
EndProject
Project("{9A19103F-16F7-4668-BE54-9A1E7A4F7556}") = "TestUnitaire", "TestUnitaire\TestUnitaire.csproj", "{F1D939C7-0AF2-490E-A03E-BBFEB6FC3D6D}"
EndProject
Project("{9A19103F-16F7-4668-BE54-9A1E7A4F7556}") = "Test_RechercheUtilisateur", "Test_RechercheUtilisateur\Test_RechercheUtilisateur.csproj", "{71CDB5A1-2F61-42AB-AFEE-C88742315A62}"
EndProject
Project("{FAE04EC0-301F-11D3-BF4B-00C04F79EFBC}") = "Test_ManagerPhoto", "Test_ManagerPhoto\Test_ManagerPhoto.csproj", "{1D7D70C1-7A66-4087-9258-321819519634}"
EndProject
Global
	GlobalSection(SolutionConfigurationPlatforms) = preSolution
		Debug|Any CPU = Debug|Any CPU
		Release|Any CPU = Release|Any CPU
	EndGlobalSection
	GlobalSection(ProjectConfigurationPlatforms) = postSolution
		{7C73118B-F5CF-44DC-B335-D6E1F0D2A5AF}.Debug|Any CPU.ActiveCfg = Debug|Any CPU
		{7C73118B-F5CF-44DC-B335-D6E1F0D2A5AF}.Debug|Any CPU.Build.0 = Debug|Any CPU
		{7C73118B-F5CF-44DC-B335-D6E1F0D2A5AF}.Release|Any CPU.ActiveCfg = Release|Any CPU
		{7C73118B-F5CF-44DC-B335-D6E1F0D2A5AF}.Release|Any CPU.Build.0 = Release|Any CPU
		{B78F95B2-2617-4B7A-9579-F57299EB5762}.Debug|Any CPU.ActiveCfg = Debug|Any CPU
		{B78F95B2-2617-4B7A-9579-F57299EB5762}.Debug|Any CPU.Build.0 = Debug|Any CPU
		{B78F95B2-2617-4B7A-9579-F57299EB5762}.Release|Any CPU.ActiveCfg = Release|Any CPU
		{B78F95B2-2617-4B7A-9579-F57299EB5762}.Release|Any CPU.Build.0 = Release|Any CPU
		{F1D939C7-0AF2-490E-A03E-BBFEB6FC3D6D}.Debug|Any CPU.ActiveCfg = Debug|Any CPU
		{F1D939C7-0AF2-490E-A03E-BBFEB6FC3D6D}.Debug|Any CPU.Build.0 = Debug|Any CPU
		{F1D939C7-0AF2-490E-A03E-BBFEB6FC3D6D}.Release|Any CPU.ActiveCfg = Release|Any CPU
		{F1D939C7-0AF2-490E-A03E-BBFEB6FC3D6D}.Release|Any CPU.Build.0 = Release|Any CPU
		{71CDB5A1-2F61-42AB-AFEE-C88742315A62}.Debug|Any CPU.ActiveCfg = Debug|Any CPU
		{71CDB5A1-2F61-42AB-AFEE-C88742315A62}.Debug|Any CPU.Build.0 = Debug|Any CPU
		{71CDB5A1-2F61-42AB-AFEE-C88742315A62}.Release|Any CPU.ActiveCfg = Release|Any CPU
		{71CDB5A1-2F61-42AB-AFEE-C88742315A62}.Release|Any CPU.Build.0 = Release|Any CPU
		{1D7D70C1-7A66-4087-9258-321819519634}.Debug|Any CPU.ActiveCfg = Debug|Any CPU
		{1D7D70C1-7A66-4087-9258-321819519634}.Debug|Any CPU.Build.0 = Debug|Any CPU
		{1D7D70C1-7A66-4087-9258-321819519634}.Release|Any CPU.ActiveCfg = Release|Any CPU
		{1D7D70C1-7A66-4087-9258-321819519634}.Release|Any CPU.Build.0 = Release|Any CPU
	EndGlobalSection
	GlobalSection(SolutionProperties) = preSolution
		HideSolutionNode = FALSE
	EndGlobalSection
	GlobalSection(ExtensibilityGlobals) = postSolution
		SolutionGuid = {B7F7A09E-B996-4606-A71A-F6DED2D7D610}
	EndGlobalSection
EndGlobal
