
Microsoft Visual Studio Solution File, Format Version 12.00
# Visual Studio Version 16
VisualStudioVersion = 16.0.31112.23
MinimumVisualStudioVersion = 10.0.40219.1
Project("{FAE04EC0-301F-11D3-BF4B-00C04F79EFBC}") = "PictYours", "PictYours\PictYours.csproj", "{7C73118B-F5CF-44DC-B335-D6E1F0D2A5AF}"
EndProject
Global
	GlobalSection(SolutionConfigurationPlatforms) = preSolution
		Debug|Any CPU = Debug|Any CPU
		Release|Any CPU = Release|Any CPU
	EndGlobalSection
	GlobalSection(ProjectConfigurationPlatforms) = postSolution
		{7C73118B-F5CF-44DC-B335-D6E1F0D2A5AF}.Debug|Any CPU.ActiveCfg = Debug|Any CPU
		{7C73118B-F5CF-44DC-B335-D6E1F0D2A5AF}.Debug|Any CPU.Build.0 = Debug|Any CPU
		{7C73118B-F5CF-44DC-B335-D6E1F0D2A5AF}.Release|Any CPU.ActiveCfg = Release|Any CPU
		{7C73118B-F5CF-44DC-B335-D6E1F0D2A5AF}.Release|Any CPU.Build.0 = Release|Any CPU
	EndGlobalSection
	GlobalSection(SolutionProperties) = preSolution
		HideSolutionNode = FALSE
	EndGlobalSection
	GlobalSection(ExtensibilityGlobals) = postSolution
		SolutionGuid = {B7F7A09E-B996-4606-A71A-F6DED2D7D610}
	EndGlobalSection
EndGlobal
